
Microsoft Visual Studio Solution File, Format Version 12.00
# Visual Studio Version 16
VisualStudioVersion = 16.0.30225.117
MinimumVisualStudioVersion = 10.0.40219.1
Project("{888888A0-9F3D-457C-B088-3A5042F75D52}") = "utauPackage", "utauPackage\utauPackage.pyproj", "{CECBBA4E-F4D7-4DB2-B8AF-FE11B51FC163}"
EndProject
Project("{2150E333-8FDC-42A3-9474-1A3956D46DE8}") = "Solution Items", "Solution Items", "{47BB794E-A046-4C1F-940A-C14622AA8520}"
	ProjectSection(SolutionItems) = preProject
		.gitattributes = .gitattributes
		.gitignore = .gitignore
		LICENSE = LICENSE
		README.md = README.md
	EndProjectSection
EndProject
Global
	GlobalSection(SolutionConfigurationPlatforms) = preSolution
		Debug|Any CPU = Debug|Any CPU
		Release|Any CPU = Release|Any CPU
	EndGlobalSection
	GlobalSection(ProjectConfigurationPlatforms) = postSolution
		{CECBBA4E-F4D7-4DB2-B8AF-FE11B51FC163}.Debug|Any CPU.ActiveCfg = Debug|Any CPU
		{CECBBA4E-F4D7-4DB2-B8AF-FE11B51FC163}.Release|Any CPU.ActiveCfg = Release|Any CPU
	EndGlobalSection
	GlobalSection(SolutionProperties) = preSolution
		HideSolutionNode = FALSE
	EndGlobalSection
	GlobalSection(ExtensibilityGlobals) = postSolution
		SolutionGuid = {48A26B8D-B0C3-4FE9-A9F7-844892BE7150}
	EndGlobalSection
EndGlobal
